// !$*UTF8*$!
{
	archiveVersion = 1;
	classes = {
	};
	objectVersion = 51;
	objects = {

/* Begin PBXBuildFile section */
		07BCD7CD7D51D6BD1E0369CB /* Pods_News_ClientTests.framework in Frameworks */ = {isa = PBXBuildFile; fileRef = 38EF1E43AB11268B5F1EE85F /* Pods_News_ClientTests.framework */; };
		47BD155E3C654BB0EBD9F163 /* Pods_News_Client.framework in Frameworks */ = {isa = PBXBuildFile; fileRef = D8BD4D9F2E82B885FB02823D /* Pods_News_Client.framework */; };
		8421DC1F2395666200A4A699 /* ProfileViewModel.swift in Sources */ = {isa = PBXBuildFile; fileRef = 8421DC1E2395666200A4A699 /* ProfileViewModel.swift */; };
		8421DC212395679000A4A699 /* UserPreferenceManager.swift in Sources */ = {isa = PBXBuildFile; fileRef = 8421DC202395679000A4A699 /* UserPreferenceManager.swift */; };
		8421DC23239567D800A4A699 /* User.swift in Sources */ = {isa = PBXBuildFile; fileRef = 8421DC22239567D800A4A699 /* User.swift */; };
		8421DC2523956F4E00A4A699 /* ObjectMapperTransformer.swift in Sources */ = {isa = PBXBuildFile; fileRef = 8421DC2423956F4E00A4A699 /* ObjectMapperTransformer.swift */; };
		8483C9392391917800F2E80A /* AppDelegate.swift in Sources */ = {isa = PBXBuildFile; fileRef = 8483C9382391917800F2E80A /* AppDelegate.swift */; };
		8483C93B2391917800F2E80A /* SceneDelegate.swift in Sources */ = {isa = PBXBuildFile; fileRef = 8483C93A2391917800F2E80A /* SceneDelegate.swift */; };
		8483C9402391917800F2E80A /* Main.storyboard in Resources */ = {isa = PBXBuildFile; fileRef = 8483C93E2391917800F2E80A /* Main.storyboard */; };
		8483C9422391917900F2E80A /* Assets.xcassets in Resources */ = {isa = PBXBuildFile; fileRef = 8483C9412391917900F2E80A /* Assets.xcassets */; };
		8483C9452391917900F2E80A /* LaunchScreen.storyboard in Resources */ = {isa = PBXBuildFile; fileRef = 8483C9432391917900F2E80A /* LaunchScreen.storyboard */; };
		8483C9502391917900F2E80A /* News_ClientTests.swift in Sources */ = {isa = PBXBuildFile; fileRef = 8483C94F2391917900F2E80A /* News_ClientTests.swift */; };
		8483C95B2391917900F2E80A /* News_ClientUITests.swift in Sources */ = {isa = PBXBuildFile; fileRef = 8483C95A2391917900F2E80A /* News_ClientUITests.swift */; };
		8483C96D2391944000F2E80A /* NewsRepo.swift in Sources */ = {isa = PBXBuildFile; fileRef = 8483C96C2391944000F2E80A /* NewsRepo.swift */; };
		8483C96F2391949600F2E80A /* News.swift in Sources */ = {isa = PBXBuildFile; fileRef = 8483C96E2391949600F2E80A /* News.swift */; };
		8483C9762394185100F2E80A /* NewsTableViewCell.swift in Sources */ = {isa = PBXBuildFile; fileRef = 8483C9742394185100F2E80A /* NewsTableViewCell.swift */; };
		8483C9772394185100F2E80A /* NewsTableViewCell.xib in Resources */ = {isa = PBXBuildFile; fileRef = 8483C9752394185100F2E80A /* NewsTableViewCell.xib */; };
		8483C97923941A3400F2E80A /* ProjectSetting.swift in Sources */ = {isa = PBXBuildFile; fileRef = 8483C97823941A3400F2E80A /* ProjectSetting.swift */; };
		8483C97B23941D3800F2E80A /* RequestService.swift in Sources */ = {isa = PBXBuildFile; fileRef = 8483C97A23941D3800F2E80A /* RequestService.swift */; };
		8483C97F2394304700F2E80A /* ProfileViewController.swift in Sources */ = {isa = PBXBuildFile; fileRef = 8483C97E2394304700F2E80A /* ProfileViewController.swift */; };
		8483C9812394308D00F2E80A /* NewsListViewController.swift in Sources */ = {isa = PBXBuildFile; fileRef = 8483C9802394308D00F2E80A /* NewsListViewController.swift */; };
		8483C983239430AC00F2E80A /* ListViewModel.swift in Sources */ = {isa = PBXBuildFile; fileRef = 8483C982239430AC00F2E80A /* ListViewModel.swift */; };
		8483C987239432BE00F2E80A /* Bindable.swift in Sources */ = {isa = PBXBuildFile; fileRef = 8483C986239432BE00F2E80A /* Bindable.swift */; };
		8483C98B2394336E00F2E80A /* BindableTest.swift in Sources */ = {isa = PBXBuildFile; fileRef = 8483C98A2394336E00F2E80A /* BindableTest.swift */; };
		8483C98D2394345B00F2E80A /* NewsApiTest.swift in Sources */ = {isa = PBXBuildFile; fileRef = 8483C98C2394345B00F2E80A /* NewsApiTest.swift */; };
		8483C98F23943C9E00F2E80A /* TopHeadlinesViewController.swift in Sources */ = {isa = PBXBuildFile; fileRef = 8483C98E23943C9E00F2E80A /* TopHeadlinesViewController.swift */; };
		8483C99123943CB400F2E80A /* CustomNewsListViewController.swift in Sources */ = {isa = PBXBuildFile; fileRef = 8483C99023943CB400F2E80A /* CustomNewsListViewController.swift */; };
		8483C99923943DEB00F2E80A /* NewsListViewModel.swift in Sources */ = {isa = PBXBuildFile; fileRef = 8483C99823943DEB00F2E80A /* NewsListViewModel.swift */; };
		8483C99B23943E2200F2E80A /* NewsListItemViewModel.swift in Sources */ = {isa = PBXBuildFile; fileRef = 8483C99A23943E2200F2E80A /* NewsListItemViewModel.swift */; };
		8483C99E23955AF500F2E80A /* UIViewController+Extension.swift in Sources */ = {isa = PBXBuildFile; fileRef = 8483C99D23955AF500F2E80A /* UIViewController+Extension.swift */; };
		8483C9A023955C2800F2E80A /* Login.storyboard in Resources */ = {isa = PBXBuildFile; fileRef = 8483C99F23955C2800F2E80A /* Login.storyboard */; };
		8483C9A323955F5F00F2E80A /* UserSignViewController.swift in Sources */ = {isa = PBXBuildFile; fileRef = 8483C9A223955F5F00F2E80A /* UserSignViewController.swift */; };
		84E33E3423958AC2005F446E /* String+Extension.swift in Sources */ = {isa = PBXBuildFile; fileRef = 84E33E3323958AC2005F446E /* String+Extension.swift */; };
		84E33E362395A068005F446E /* MyTabBarViewController.swift in Sources */ = {isa = PBXBuildFile; fileRef = 84E33E352395A068005F446E /* MyTabBarViewController.swift */; };
		84E8F86A23963FE100D2AC09 /* NewsDetail.storyboard in Resources */ = {isa = PBXBuildFile; fileRef = 84E8F86923963FE100D2AC09 /* NewsDetail.storyboard */; };
		84E8F86C23963FF000D2AC09 /* NewsDetailViewController.swift in Sources */ = {isa = PBXBuildFile; fileRef = 84E8F86B23963FF000D2AC09 /* NewsDetailViewController.swift */; };
		84E8F86E2396654500D2AC09 /* NewsDetailViewModel.swift in Sources */ = {isa = PBXBuildFile; fileRef = 84E8F86D2396654400D2AC09 /* NewsDetailViewModel.swift */; };
		88D348875F019621F1F77730 /* Pods_News_Client_News_ClientUITests.framework in Frameworks */ = {isa = PBXBuildFile; fileRef = 06DFCD132842292966914C3D /* Pods_News_Client_News_ClientUITests.framework */; };
/* End PBXBuildFile section */

/* Begin PBXContainerItemProxy section */
		8483C94C2391917900F2E80A /* PBXContainerItemProxy */ = {
			isa = PBXContainerItemProxy;
			containerPortal = 8483C92D2391917800F2E80A /* Project object */;
			proxyType = 1;
			remoteGlobalIDString = 8483C9342391917800F2E80A;
			remoteInfo = "News Client";
		};
		8483C9572391917900F2E80A /* PBXContainerItemProxy */ = {
			isa = PBXContainerItemProxy;
			containerPortal = 8483C92D2391917800F2E80A /* Project object */;
			proxyType = 1;
			remoteGlobalIDString = 8483C9342391917800F2E80A;
			remoteInfo = "News Client";
		};
/* End PBXContainerItemProxy section */

/* Begin PBXFileReference section */
		06DFCD132842292966914C3D /* Pods_News_Client_News_ClientUITests.framework */ = {isa = PBXFileReference; explicitFileType = wrapper.framework; includeInIndex = 0; path = Pods_News_Client_News_ClientUITests.framework; sourceTree = BUILT_PRODUCTS_DIR; };
		23FFB46CF45888E0309BF3D9 /* Pods-News ClientTests.release.xcconfig */ = {isa = PBXFileReference; includeInIndex = 1; lastKnownFileType = text.xcconfig; name = "Pods-News ClientTests.release.xcconfig"; path = "Target Support Files/Pods-News ClientTests/Pods-News ClientTests.release.xcconfig"; sourceTree = "<group>"; };
		38EF1E43AB11268B5F1EE85F /* Pods_News_ClientTests.framework */ = {isa = PBXFileReference; explicitFileType = wrapper.framework; includeInIndex = 0; path = Pods_News_ClientTests.framework; sourceTree = BUILT_PRODUCTS_DIR; };
		4A6A0A5DF152E78E3E8ECDC7 /* Pods-News Client.debug.xcconfig */ = {isa = PBXFileReference; includeInIndex = 1; lastKnownFileType = text.xcconfig; name = "Pods-News Client.debug.xcconfig"; path = "Target Support Files/Pods-News Client/Pods-News Client.debug.xcconfig"; sourceTree = "<group>"; };
		6E072099B16E0119EC161C8B /* Pods-News ClientTests.debug.xcconfig */ = {isa = PBXFileReference; includeInIndex = 1; lastKnownFileType = text.xcconfig; name = "Pods-News ClientTests.debug.xcconfig"; path = "Target Support Files/Pods-News ClientTests/Pods-News ClientTests.debug.xcconfig"; sourceTree = "<group>"; };
		8421DC1E2395666200A4A699 /* ProfileViewModel.swift */ = {isa = PBXFileReference; lastKnownFileType = sourcecode.swift; path = ProfileViewModel.swift; sourceTree = "<group>"; };
		8421DC202395679000A4A699 /* UserPreferenceManager.swift */ = {isa = PBXFileReference; lastKnownFileType = sourcecode.swift; path = UserPreferenceManager.swift; sourceTree = "<group>"; };
		8421DC22239567D800A4A699 /* User.swift */ = {isa = PBXFileReference; lastKnownFileType = sourcecode.swift; path = User.swift; sourceTree = "<group>"; };
		8421DC2423956F4E00A4A699 /* ObjectMapperTransformer.swift */ = {isa = PBXFileReference; lastKnownFileType = sourcecode.swift; path = ObjectMapperTransformer.swift; sourceTree = "<group>"; };
		8483C9352391917800F2E80A /* News Client.app */ = {isa = PBXFileReference; explicitFileType = wrapper.application; includeInIndex = 0; path = "News Client.app"; sourceTree = BUILT_PRODUCTS_DIR; };
		8483C9382391917800F2E80A /* AppDelegate.swift */ = {isa = PBXFileReference; lastKnownFileType = sourcecode.swift; path = AppDelegate.swift; sourceTree = "<group>"; };
		8483C93A2391917800F2E80A /* SceneDelegate.swift */ = {isa = PBXFileReference; lastKnownFileType = sourcecode.swift; path = SceneDelegate.swift; sourceTree = "<group>"; };
		8483C93F2391917800F2E80A /* Base */ = {isa = PBXFileReference; lastKnownFileType = file.storyboard; name = Base; path = Base.lproj/Main.storyboard; sourceTree = "<group>"; };
		8483C9412391917900F2E80A /* Assets.xcassets */ = {isa = PBXFileReference; lastKnownFileType = folder.assetcatalog; path = Assets.xcassets; sourceTree = "<group>"; };
		8483C9442391917900F2E80A /* Base */ = {isa = PBXFileReference; lastKnownFileType = file.storyboard; name = Base; path = Base.lproj/LaunchScreen.storyboard; sourceTree = "<group>"; };
		8483C9462391917900F2E80A /* Info.plist */ = {isa = PBXFileReference; lastKnownFileType = text.plist.xml; path = Info.plist; sourceTree = "<group>"; };
		8483C94B2391917900F2E80A /* News ClientTests.xctest */ = {isa = PBXFileReference; explicitFileType = wrapper.cfbundle; includeInIndex = 0; path = "News ClientTests.xctest"; sourceTree = BUILT_PRODUCTS_DIR; };
		8483C94F2391917900F2E80A /* News_ClientTests.swift */ = {isa = PBXFileReference; lastKnownFileType = sourcecode.swift; path = News_ClientTests.swift; sourceTree = "<group>"; };
		8483C9512391917900F2E80A /* Info.plist */ = {isa = PBXFileReference; lastKnownFileType = text.plist.xml; path = Info.plist; sourceTree = "<group>"; };
		8483C9562391917900F2E80A /* News ClientUITests.xctest */ = {isa = PBXFileReference; explicitFileType = wrapper.cfbundle; includeInIndex = 0; path = "News ClientUITests.xctest"; sourceTree = BUILT_PRODUCTS_DIR; };
		8483C95A2391917900F2E80A /* News_ClientUITests.swift */ = {isa = PBXFileReference; lastKnownFileType = sourcecode.swift; path = News_ClientUITests.swift; sourceTree = "<group>"; };
		8483C95C2391917900F2E80A /* Info.plist */ = {isa = PBXFileReference; lastKnownFileType = text.plist.xml; path = Info.plist; sourceTree = "<group>"; };
		8483C96C2391944000F2E80A /* NewsRepo.swift */ = {isa = PBXFileReference; lastKnownFileType = sourcecode.swift; path = NewsRepo.swift; sourceTree = "<group>"; };
		8483C96E2391949600F2E80A /* News.swift */ = {isa = PBXFileReference; lastKnownFileType = sourcecode.swift; path = News.swift; sourceTree = "<group>"; };
		8483C9742394185100F2E80A /* NewsTableViewCell.swift */ = {isa = PBXFileReference; lastKnownFileType = sourcecode.swift; path = NewsTableViewCell.swift; sourceTree = "<group>"; };
		8483C9752394185100F2E80A /* NewsTableViewCell.xib */ = {isa = PBXFileReference; lastKnownFileType = file.xib; path = NewsTableViewCell.xib; sourceTree = "<group>"; };
		8483C97823941A3400F2E80A /* ProjectSetting.swift */ = {isa = PBXFileReference; lastKnownFileType = sourcecode.swift; path = ProjectSetting.swift; sourceTree = "<group>"; };
		8483C97A23941D3800F2E80A /* RequestService.swift */ = {isa = PBXFileReference; lastKnownFileType = sourcecode.swift; path = RequestService.swift; sourceTree = "<group>"; };
		8483C97E2394304700F2E80A /* ProfileViewController.swift */ = {isa = PBXFileReference; lastKnownFileType = sourcecode.swift; path = ProfileViewController.swift; sourceTree = "<group>"; };
		8483C9802394308D00F2E80A /* NewsListViewController.swift */ = {isa = PBXFileReference; lastKnownFileType = sourcecode.swift; path = NewsListViewController.swift; sourceTree = "<group>"; };
		8483C982239430AC00F2E80A /* ListViewModel.swift */ = {isa = PBXFileReference; lastKnownFileType = sourcecode.swift; path = ListViewModel.swift; sourceTree = "<group>"; };
		8483C986239432BE00F2E80A /* Bindable.swift */ = {isa = PBXFileReference; fileEncoding = 4; lastKnownFileType = sourcecode.swift; name = Bindable.swift; path = ../../../../../../Downloads/Bindable.swift; sourceTree = "<group>"; };
		8483C98A2394336E00F2E80A /* BindableTest.swift */ = {isa = PBXFileReference; fileEncoding = 4; lastKnownFileType = sourcecode.swift; path = BindableTest.swift; sourceTree = "<group>"; };
		8483C98C2394345B00F2E80A /* NewsApiTest.swift */ = {isa = PBXFileReference; lastKnownFileType = sourcecode.swift; path = NewsApiTest.swift; sourceTree = "<group>"; };
		8483C98E23943C9E00F2E80A /* TopHeadlinesViewController.swift */ = {isa = PBXFileReference; lastKnownFileType = sourcecode.swift; path = TopHeadlinesViewController.swift; sourceTree = "<group>"; };
		8483C99023943CB400F2E80A /* CustomNewsListViewController.swift */ = {isa = PBXFileReference; lastKnownFileType = sourcecode.swift; path = CustomNewsListViewController.swift; sourceTree = "<group>"; };
		8483C99823943DEB00F2E80A /* NewsListViewModel.swift */ = {isa = PBXFileReference; lastKnownFileType = sourcecode.swift; path = NewsListViewModel.swift; sourceTree = "<group>"; };
		8483C99A23943E2200F2E80A /* NewsListItemViewModel.swift */ = {isa = PBXFileReference; lastKnownFileType = sourcecode.swift; path = NewsListItemViewModel.swift; sourceTree = "<group>"; };
		8483C99D23955AF500F2E80A /* UIViewController+Extension.swift */ = {isa = PBXFileReference; lastKnownFileType = sourcecode.swift; path = "UIViewController+Extension.swift"; sourceTree = "<group>"; };
		8483C99F23955C2800F2E80A /* Login.storyboard */ = {isa = PBXFileReference; lastKnownFileType = file.storyboard; path = Login.storyboard; sourceTree = "<group>"; };
		8483C9A223955F5F00F2E80A /* UserSignViewController.swift */ = {isa = PBXFileReference; lastKnownFileType = sourcecode.swift; path = UserSignViewController.swift; sourceTree = "<group>"; };
		84E33E3323958AC2005F446E /* String+Extension.swift */ = {isa = PBXFileReference; lastKnownFileType = sourcecode.swift; path = "String+Extension.swift"; sourceTree = "<group>"; };
		84E33E352395A068005F446E /* MyTabBarViewController.swift */ = {isa = PBXFileReference; lastKnownFileType = sourcecode.swift; path = MyTabBarViewController.swift; sourceTree = "<group>"; };
		84E8F86923963FE100D2AC09 /* NewsDetail.storyboard */ = {isa = PBXFileReference; lastKnownFileType = file.storyboard; path = NewsDetail.storyboard; sourceTree = "<group>"; };
		84E8F86B23963FF000D2AC09 /* NewsDetailViewController.swift */ = {isa = PBXFileReference; lastKnownFileType = sourcecode.swift; path = NewsDetailViewController.swift; sourceTree = "<group>"; };
		84E8F86D2396654400D2AC09 /* NewsDetailViewModel.swift */ = {isa = PBXFileReference; lastKnownFileType = sourcecode.swift; path = NewsDetailViewModel.swift; sourceTree = "<group>"; };
		8AF79E21FEB1B99329FA5ACE /* Pods-News Client.release.xcconfig */ = {isa = PBXFileReference; includeInIndex = 1; lastKnownFileType = text.xcconfig; name = "Pods-News Client.release.xcconfig"; path = "Target Support Files/Pods-News Client/Pods-News Client.release.xcconfig"; sourceTree = "<group>"; };
		BA5EC87C690E01A1E8363ED0 /* Pods-News Client-News ClientUITests.release.xcconfig */ = {isa = PBXFileReference; includeInIndex = 1; lastKnownFileType = text.xcconfig; name = "Pods-News Client-News ClientUITests.release.xcconfig"; path = "Target Support Files/Pods-News Client-News ClientUITests/Pods-News Client-News ClientUITests.release.xcconfig"; sourceTree = "<group>"; };
		D8BD4D9F2E82B885FB02823D /* Pods_News_Client.framework */ = {isa = PBXFileReference; explicitFileType = wrapper.framework; includeInIndex = 0; path = Pods_News_Client.framework; sourceTree = BUILT_PRODUCTS_DIR; };
		FDE826C5033A2F616B44642E /* Pods-News Client-News ClientUITests.debug.xcconfig */ = {isa = PBXFileReference; includeInIndex = 1; lastKnownFileType = text.xcconfig; name = "Pods-News Client-News ClientUITests.debug.xcconfig"; path = "Target Support Files/Pods-News Client-News ClientUITests/Pods-News Client-News ClientUITests.debug.xcconfig"; sourceTree = "<group>"; };
/* End PBXFileReference section */

/* Begin PBXFrameworksBuildPhase section */
		8483C9322391917800F2E80A /* Frameworks */ = {
			isa = PBXFrameworksBuildPhase;
			buildActionMask = 2147483647;
			files = (
				47BD155E3C654BB0EBD9F163 /* Pods_News_Client.framework in Frameworks */,
			);
			runOnlyForDeploymentPostprocessing = 0;
		};
		8483C9482391917900F2E80A /* Frameworks */ = {
			isa = PBXFrameworksBuildPhase;
			buildActionMask = 2147483647;
			files = (
				07BCD7CD7D51D6BD1E0369CB /* Pods_News_ClientTests.framework in Frameworks */,
			);
			runOnlyForDeploymentPostprocessing = 0;
		};
		8483C9532391917900F2E80A /* Frameworks */ = {
			isa = PBXFrameworksBuildPhase;
			buildActionMask = 2147483647;
			files = (
				88D348875F019621F1F77730 /* Pods_News_Client_News_ClientUITests.framework in Frameworks */,
			);
			runOnlyForDeploymentPostprocessing = 0;
		};
/* End PBXFrameworksBuildPhase section */

/* Begin PBXGroup section */
		7A5F2F0F47F00183DE8DAF66 /* Frameworks */ = {
			isa = PBXGroup;
			children = (
				D8BD4D9F2E82B885FB02823D /* Pods_News_Client.framework */,
				06DFCD132842292966914C3D /* Pods_News_Client_News_ClientUITests.framework */,
				38EF1E43AB11268B5F1EE85F /* Pods_News_ClientTests.framework */,
			);
			name = Frameworks;
			sourceTree = "<group>";
		};
		7F6C943E755CACFCDD4C58E5 /* Pods */ = {
			isa = PBXGroup;
			children = (
				4A6A0A5DF152E78E3E8ECDC7 /* Pods-News Client.debug.xcconfig */,
				8AF79E21FEB1B99329FA5ACE /* Pods-News Client.release.xcconfig */,
				FDE826C5033A2F616B44642E /* Pods-News Client-News ClientUITests.debug.xcconfig */,
				BA5EC87C690E01A1E8363ED0 /* Pods-News Client-News ClientUITests.release.xcconfig */,
				6E072099B16E0119EC161C8B /* Pods-News ClientTests.debug.xcconfig */,
				23FFB46CF45888E0309BF3D9 /* Pods-News ClientTests.release.xcconfig */,
			);
			path = Pods;
			sourceTree = "<group>";
		};
		8483C92C2391917800F2E80A = {
			isa = PBXGroup;
			children = (
				8483C9372391917800F2E80A /* News Client */,
				8483C94E2391917900F2E80A /* News ClientTests */,
				8483C9592391917900F2E80A /* News ClientUITests */,
				8483C9362391917800F2E80A /* Products */,
				7F6C943E755CACFCDD4C58E5 /* Pods */,
				7A5F2F0F47F00183DE8DAF66 /* Frameworks */,
			);
			sourceTree = "<group>";
		};
		8483C9362391917800F2E80A /* Products */ = {
			isa = PBXGroup;
			children = (
				8483C9352391917800F2E80A /* News Client.app */,
				8483C94B2391917900F2E80A /* News ClientTests.xctest */,
				8483C9562391917900F2E80A /* News ClientUITests.xctest */,
			);
			name = Products;
			sourceTree = "<group>";
		};
		8483C9372391917800F2E80A /* News Client */ = {
			isa = PBXGroup;
			children = (
				8483C99C23955AE200F2E80A /* Utility */,
				8483C96B2391941C00F2E80A /* Repositories */,
				8483C96A2391941300F2E80A /* Model */,
				8483C9692391940B00F2E80A /* ViewModel */,
				8483C968239193E800F2E80A /* View */,
				8483C9382391917800F2E80A /* AppDelegate.swift */,
				8483C93A2391917800F2E80A /* SceneDelegate.swift */,
				8483C9412391917900F2E80A /* Assets.xcassets */,
				8483C9432391917900F2E80A /* LaunchScreen.storyboard */,
				8483C9462391917900F2E80A /* Info.plist */,
			);
			path = "News Client";
			sourceTree = "<group>";
		};
		8483C94E2391917900F2E80A /* News ClientTests */ = {
			isa = PBXGroup;
			children = (
				8483C98A2394336E00F2E80A /* BindableTest.swift */,
				8483C94F2391917900F2E80A /* News_ClientTests.swift */,
				8483C9512391917900F2E80A /* Info.plist */,
				8483C98C2394345B00F2E80A /* NewsApiTest.swift */,
			);
			path = "News ClientTests";
			sourceTree = "<group>";
		};
		8483C9592391917900F2E80A /* News ClientUITests */ = {
			isa = PBXGroup;
			children = (
				8483C95A2391917900F2E80A /* News_ClientUITests.swift */,
				8483C95C2391917900F2E80A /* Info.plist */,
			);
			path = "News ClientUITests";
			sourceTree = "<group>";
		};
		8483C968239193E800F2E80A /* View */ = {
			isa = PBXGroup;
			children = (
				8483C9A423955F6700F2E80A /* News */,
				8483C9A123955F1300F2E80A /* User */,
				8483C93E2391917800F2E80A /* Main.storyboard */,
				84E33E352395A068005F446E /* MyTabBarViewController.swift */,
			);
			path = View;
			sourceTree = "<group>";
		};
		8483C9692391940B00F2E80A /* ViewModel */ = {
			isa = PBXGroup;
			children = (
				84A2737F239579B30080516D /* News */,
				8483C986239432BE00F2E80A /* Bindable.swift */,
				8483C982239430AC00F2E80A /* ListViewModel.swift */,
				8421DC1E2395666200A4A699 /* ProfileViewModel.swift */,
			);
			path = ViewModel;
			sourceTree = "<group>";
		};
		8483C96A2391941300F2E80A /* Model */ = {
			isa = PBXGroup;
			children = (
				8483C96E2391949600F2E80A /* News.swift */,
				8421DC22239567D800A4A699 /* User.swift */,
			);
			path = Model;
			sourceTree = "<group>";
		};
		8483C96B2391941C00F2E80A /* Repositories */ = {
			isa = PBXGroup;
			children = (
				8483C96C2391944000F2E80A /* NewsRepo.swift */,
			);
			path = Repositories;
			sourceTree = "<group>";
		};
		8483C9702394180D00F2E80A /* Cells */ = {
			isa = PBXGroup;
			children = (
				8483C9742394185100F2E80A /* NewsTableViewCell.swift */,
				8483C9752394185100F2E80A /* NewsTableViewCell.xib */,
			);
			path = Cells;
			sourceTree = "<group>";
		};
		8483C99C23955AE200F2E80A /* Utility */ = {
			isa = PBXGroup;
			children = (
				8483C97A23941D3800F2E80A /* RequestService.swift */,
				8483C97823941A3400F2E80A /* ProjectSetting.swift */,
				8483C99D23955AF500F2E80A /* UIViewController+Extension.swift */,
				8421DC202395679000A4A699 /* UserPreferenceManager.swift */,
				8421DC2423956F4E00A4A699 /* ObjectMapperTransformer.swift */,
				84E33E3323958AC2005F446E /* String+Extension.swift */,
			);
			path = Utility;
			sourceTree = "<group>";
		};
		8483C9A123955F1300F2E80A /* User */ = {
			isa = PBXGroup;
			children = (
				8483C97E2394304700F2E80A /* ProfileViewController.swift */,
				8483C99F23955C2800F2E80A /* Login.storyboard */,
				8483C9A223955F5F00F2E80A /* UserSignViewController.swift */,
			);
			path = User;
			sourceTree = "<group>";
		};
		8483C9A423955F6700F2E80A /* News */ = {
			isa = PBXGroup;
			children = (
				8483C9702394180D00F2E80A /* Cells */,
				8483C9802394308D00F2E80A /* NewsListViewController.swift */,
				84E8F86923963FE100D2AC09 /* NewsDetail.storyboard */,
				84E8F86B23963FF000D2AC09 /* NewsDetailViewController.swift */,
				8483C98E23943C9E00F2E80A /* TopHeadlinesViewController.swift */,
				8483C99023943CB400F2E80A /* CustomNewsListViewController.swift */,
			);
			path = News;
			sourceTree = "<group>";
		};
		84A2737F239579B30080516D /* News */ = {
			isa = PBXGroup;
			children = (
				8483C99823943DEB00F2E80A /* NewsListViewModel.swift */,
				8483C99A23943E2200F2E80A /* NewsListItemViewModel.swift */,
				84E8F86D2396654400D2AC09 /* NewsDetailViewModel.swift */,
			);
			path = News;
			sourceTree = "<group>";
		};
/* End PBXGroup section */

/* Begin PBXNativeTarget section */
		8483C9342391917800F2E80A /* News Client */ = {
			isa = PBXNativeTarget;
			buildConfigurationList = 8483C95F2391917900F2E80A /* Build configuration list for PBXNativeTarget "News Client" */;
			buildPhases = (
				20BAE6052D599F46A13CCE7D /* [CP] Check Pods Manifest.lock */,
				8483C9312391917800F2E80A /* Sources */,
				8483C9322391917800F2E80A /* Frameworks */,
				8483C9332391917800F2E80A /* Resources */,
				A8E02558B31AB3B030706C7F /* [CP] Embed Pods Frameworks */,
			);
			buildRules = (
			);
			dependencies = (
			);
			name = "News Client";
			productName = "News Client";
			productReference = 8483C9352391917800F2E80A /* News Client.app */;
			productType = "com.apple.product-type.application";
		};
		8483C94A2391917900F2E80A /* News ClientTests */ = {
			isa = PBXNativeTarget;
			buildConfigurationList = 8483C9622391917900F2E80A /* Build configuration list for PBXNativeTarget "News ClientTests" */;
			buildPhases = (
				611734046E28388851B8D2C6 /* [CP] Check Pods Manifest.lock */,
				8483C9472391917900F2E80A /* Sources */,
				8483C9482391917900F2E80A /* Frameworks */,
				8483C9492391917900F2E80A /* Resources */,
			);
			buildRules = (
			);
			dependencies = (
				8483C94D2391917900F2E80A /* PBXTargetDependency */,
			);
			name = "News ClientTests";
			productName = "News ClientTests";
			productReference = 8483C94B2391917900F2E80A /* News ClientTests.xctest */;
			productType = "com.apple.product-type.bundle.unit-test";
		};
		8483C9552391917900F2E80A /* News ClientUITests */ = {
			isa = PBXNativeTarget;
			buildConfigurationList = 8483C9652391917900F2E80A /* Build configuration list for PBXNativeTarget "News ClientUITests" */;
			buildPhases = (
				695D9523C7049BE2DDBFA3D5 /* [CP] Check Pods Manifest.lock */,
				8483C9522391917900F2E80A /* Sources */,
				8483C9532391917900F2E80A /* Frameworks */,
				8483C9542391917900F2E80A /* Resources */,
				BFD4DA58C75FD7B247AD53F4 /* [CP] Embed Pods Frameworks */,
			);
			buildRules = (
			);
			dependencies = (
				8483C9582391917900F2E80A /* PBXTargetDependency */,
			);
			name = "News ClientUITests";
			productName = "News ClientUITests";
			productReference = 8483C9562391917900F2E80A /* News ClientUITests.xctest */;
			productType = "com.apple.product-type.bundle.ui-testing";
		};
/* End PBXNativeTarget section */

/* Begin PBXProject section */
		8483C92D2391917800F2E80A /* Project object */ = {
			isa = PBXProject;
			attributes = {
				LastSwiftUpdateCheck = 1120;
				LastUpgradeCheck = 1120;
				ORGANIZATIONNAME = "Duy Cao";
				TargetAttributes = {
					8483C9342391917800F2E80A = {
						CreatedOnToolsVersion = 11.2.1;
					};
					8483C94A2391917900F2E80A = {
						CreatedOnToolsVersion = 11.2.1;
						TestTargetID = 8483C9342391917800F2E80A;
					};
					8483C9552391917900F2E80A = {
						CreatedOnToolsVersion = 11.2.1;
						TestTargetID = 8483C9342391917800F2E80A;
					};
				};
			};
			buildConfigurationList = 8483C9302391917800F2E80A /* Build configuration list for PBXProject "News Client" */;
			compatibilityVersion = "Xcode 9.3";
			developmentRegion = en;
			hasScannedForEncodings = 0;
			knownRegions = (
				en,
				Base,
			);
			mainGroup = 8483C92C2391917800F2E80A;
			productRefGroup = 8483C9362391917800F2E80A /* Products */;
			projectDirPath = "";
			projectRoot = "";
			targets = (
				8483C9342391917800F2E80A /* News Client */,
				8483C94A2391917900F2E80A /* News ClientTests */,
				8483C9552391917900F2E80A /* News ClientUITests */,
			);
		};
/* End PBXProject section */

/* Begin PBXResourcesBuildPhase section */
		8483C9332391917800F2E80A /* Resources */ = {
			isa = PBXResourcesBuildPhase;
			buildActionMask = 2147483647;
			files = (
				8483C9452391917900F2E80A /* LaunchScreen.storyboard in Resources */,
				8483C9A023955C2800F2E80A /* Login.storyboard in Resources */,
				8483C9422391917900F2E80A /* Assets.xcassets in Resources */,
				8483C9772394185100F2E80A /* NewsTableViewCell.xib in Resources */,
				84E8F86A23963FE100D2AC09 /* NewsDetail.storyboard in Resources */,
				8483C9402391917800F2E80A /* Main.storyboard in Resources */,
			);
			runOnlyForDeploymentPostprocessing = 0;
		};
		8483C9492391917900F2E80A /* Resources */ = {
			isa = PBXResourcesBuildPhase;
			buildActionMask = 2147483647;
			files = (
			);
			runOnlyForDeploymentPostprocessing = 0;
		};
		8483C9542391917900F2E80A /* Resources */ = {
			isa = PBXResourcesBuildPhase;
			buildActionMask = 2147483647;
			files = (
			);
			runOnlyForDeploymentPostprocessing = 0;
		};
/* End PBXResourcesBuildPhase section */

/* Begin PBXShellScriptBuildPhase section */
		20BAE6052D599F46A13CCE7D /* [CP] Check Pods Manifest.lock */ = {
			isa = PBXShellScriptBuildPhase;
			buildActionMask = 2147483647;
			files = (
			);
			inputFileListPaths = (
			);
			inputPaths = (
				"${PODS_PODFILE_DIR_PATH}/Podfile.lock",
				"${PODS_ROOT}/Manifest.lock",
			);
			name = "[CP] Check Pods Manifest.lock";
			outputFileListPaths = (
			);
			outputPaths = (
				"$(DERIVED_FILE_DIR)/Pods-News Client-checkManifestLockResult.txt",
			);
			runOnlyForDeploymentPostprocessing = 0;
			shellPath = /bin/sh;
			shellScript = "diff \"${PODS_PODFILE_DIR_PATH}/Podfile.lock\" \"${PODS_ROOT}/Manifest.lock\" > /dev/null\nif [ $? != 0 ] ; then\n    # print error to STDERR\n    echo \"error: The sandbox is not in sync with the Podfile.lock. Run 'pod install' or update your CocoaPods installation.\" >&2\n    exit 1\nfi\n# This output is used by Xcode 'outputs' to avoid re-running this script phase.\necho \"SUCCESS\" > \"${SCRIPT_OUTPUT_FILE_0}\"\n";
			showEnvVarsInLog = 0;
		};
		611734046E28388851B8D2C6 /* [CP] Check Pods Manifest.lock */ = {
			isa = PBXShellScriptBuildPhase;
			buildActionMask = 2147483647;
			files = (
			);
			inputFileListPaths = (
			);
			inputPaths = (
				"${PODS_PODFILE_DIR_PATH}/Podfile.lock",
				"${PODS_ROOT}/Manifest.lock",
			);
			name = "[CP] Check Pods Manifest.lock";
			outputFileListPaths = (
			);
			outputPaths = (
				"$(DERIVED_FILE_DIR)/Pods-News ClientTests-checkManifestLockResult.txt",
			);
			runOnlyForDeploymentPostprocessing = 0;
			shellPath = /bin/sh;
			shellScript = "diff \"${PODS_PODFILE_DIR_PATH}/Podfile.lock\" \"${PODS_ROOT}/Manifest.lock\" > /dev/null\nif [ $? != 0 ] ; then\n    # print error to STDERR\n    echo \"error: The sandbox is not in sync with the Podfile.lock. Run 'pod install' or update your CocoaPods installation.\" >&2\n    exit 1\nfi\n# This output is used by Xcode 'outputs' to avoid re-running this script phase.\necho \"SUCCESS\" > \"${SCRIPT_OUTPUT_FILE_0}\"\n";
			showEnvVarsInLog = 0;
		};
		695D9523C7049BE2DDBFA3D5 /* [CP] Check Pods Manifest.lock */ = {
			isa = PBXShellScriptBuildPhase;
			buildActionMask = 2147483647;
			files = (
			);
			inputFileListPaths = (
			);
			inputPaths = (
				"${PODS_PODFILE_DIR_PATH}/Podfile.lock",
				"${PODS_ROOT}/Manifest.lock",
			);
			name = "[CP] Check Pods Manifest.lock";
			outputFileListPaths = (
			);
			outputPaths = (
				"$(DERIVED_FILE_DIR)/Pods-News Client-News ClientUITests-checkManifestLockResult.txt",
			);
			runOnlyForDeploymentPostprocessing = 0;
			shellPath = /bin/sh;
			shellScript = "diff \"${PODS_PODFILE_DIR_PATH}/Podfile.lock\" \"${PODS_ROOT}/Manifest.lock\" > /dev/null\nif [ $? != 0 ] ; then\n    # print error to STDERR\n    echo \"error: The sandbox is not in sync with the Podfile.lock. Run 'pod install' or update your CocoaPods installation.\" >&2\n    exit 1\nfi\n# This output is used by Xcode 'outputs' to avoid re-running this script phase.\necho \"SUCCESS\" > \"${SCRIPT_OUTPUT_FILE_0}\"\n";
			showEnvVarsInLog = 0;
		};
		A8E02558B31AB3B030706C7F /* [CP] Embed Pods Frameworks */ = {
			isa = PBXShellScriptBuildPhase;
			buildActionMask = 2147483647;
			files = (
			);
			inputFileListPaths = (
				"${PODS_ROOT}/Target Support Files/Pods-News Client/Pods-News Client-frameworks-${CONFIGURATION}-input-files.xcfilelist",
			);
			name = "[CP] Embed Pods Frameworks";
			outputFileListPaths = (
				"${PODS_ROOT}/Target Support Files/Pods-News Client/Pods-News Client-frameworks-${CONFIGURATION}-output-files.xcfilelist",
			);
			runOnlyForDeploymentPostprocessing = 0;
			shellPath = /bin/sh;
			shellScript = "\"${PODS_ROOT}/Target Support Files/Pods-News Client/Pods-News Client-frameworks.sh\"\n";
			showEnvVarsInLog = 0;
		};
		BFD4DA58C75FD7B247AD53F4 /* [CP] Embed Pods Frameworks */ = {
			isa = PBXShellScriptBuildPhase;
			buildActionMask = 2147483647;
			files = (
			);
			inputFileListPaths = (
				"${PODS_ROOT}/Target Support Files/Pods-News Client-News ClientUITests/Pods-News Client-News ClientUITests-frameworks-${CONFIGURATION}-input-files.xcfilelist",
			);
			name = "[CP] Embed Pods Frameworks";
			outputFileListPaths = (
				"${PODS_ROOT}/Target Support Files/Pods-News Client-News ClientUITests/Pods-News Client-News ClientUITests-frameworks-${CONFIGURATION}-output-files.xcfilelist",
			);
			runOnlyForDeploymentPostprocessing = 0;
			shellPath = /bin/sh;
			shellScript = "\"${PODS_ROOT}/Target Support Files/Pods-News Client-News ClientUITests/Pods-News Client-News ClientUITests-frameworks.sh\"\n";
			showEnvVarsInLog = 0;
		};
/* End PBXShellScriptBuildPhase section */

/* Begin PBXSourcesBuildPhase section */
		8483C9312391917800F2E80A /* Sources */ = {
			isa = PBXSourcesBuildPhase;
			buildActionMask = 2147483647;
			files = (
				84E8F86C23963FF000D2AC09 /* NewsDetailViewController.swift in Sources */,
				84E33E362395A068005F446E /* MyTabBarViewController.swift in Sources */,
				8483C99E23955AF500F2E80A /* UIViewController+Extension.swift in Sources */,
				8421DC1F2395666200A4A699 /* ProfileViewModel.swift in Sources */,
				8483C99123943CB400F2E80A /* CustomNewsListViewController.swift in Sources */,
				8483C987239432BE00F2E80A /* Bindable.swift in Sources */,
				8483C96D2391944000F2E80A /* NewsRepo.swift in Sources */,
				8483C97B23941D3800F2E80A /* RequestService.swift in Sources */,
				8483C99B23943E2200F2E80A /* NewsListItemViewModel.swift in Sources */,
				8483C9762394185100F2E80A /* NewsTableViewCell.swift in Sources */,
				8483C97923941A3400F2E80A /* ProjectSetting.swift in Sources */,
				8483C99923943DEB00F2E80A /* NewsListViewModel.swift in Sources */,
				8483C9A323955F5F00F2E80A /* UserSignViewController.swift in Sources */,
				8483C9812394308D00F2E80A /* NewsListViewController.swift in Sources */,
				84E33E3423958AC2005F446E /* String+Extension.swift in Sources */,
				8483C98F23943C9E00F2E80A /* TopHeadlinesViewController.swift in Sources */,
				8421DC2523956F4E00A4A699 /* ObjectMapperTransformer.swift in Sources */,
				8483C9392391917800F2E80A /* AppDelegate.swift in Sources */,
				8421DC212395679000A4A699 /* UserPreferenceManager.swift in Sources */,
				8483C97F2394304700F2E80A /* ProfileViewController.swift in Sources */,
				8483C96F2391949600F2E80A /* News.swift in Sources */,
				8483C93B2391917800F2E80A /* SceneDelegate.swift in Sources */,
				84E8F86E2396654500D2AC09 /* NewsDetailViewModel.swift in Sources */,
				8483C983239430AC00F2E80A /* ListViewModel.swift in Sources */,
				8421DC23239567D800A4A699 /* User.swift in Sources */,
			);
			runOnlyForDeploymentPostprocessing = 0;
		};
		8483C9472391917900F2E80A /* Sources */ = {
			isa = PBXSourcesBuildPhase;
			buildActionMask = 2147483647;
			files = (
				8483C98B2394336E00F2E80A /* BindableTest.swift in Sources */,
				8483C98D2394345B00F2E80A /* NewsApiTest.swift in Sources */,
				8483C9502391917900F2E80A /* News_ClientTests.swift in Sources */,
			);
			runOnlyForDeploymentPostprocessing = 0;
		};
		8483C9522391917900F2E80A /* Sources */ = {
			isa = PBXSourcesBuildPhase;
			buildActionMask = 2147483647;
			files = (
				8483C95B2391917900F2E80A /* News_ClientUITests.swift in Sources */,
			);
			runOnlyForDeploymentPostprocessing = 0;
		};
/* End PBXSourcesBuildPhase section */

/* Begin PBXTargetDependency section */
		8483C94D2391917900F2E80A /* PBXTargetDependency */ = {
			isa = PBXTargetDependency;
			target = 8483C9342391917800F2E80A /* News Client */;
			targetProxy = 8483C94C2391917900F2E80A /* PBXContainerItemProxy */;
		};
		8483C9582391917900F2E80A /* PBXTargetDependency */ = {
			isa = PBXTargetDependency;
			target = 8483C9342391917800F2E80A /* News Client */;
			targetProxy = 8483C9572391917900F2E80A /* PBXContainerItemProxy */;
		};
/* End PBXTargetDependency section */

/* Begin PBXVariantGroup section */
		8483C93E2391917800F2E80A /* Main.storyboard */ = {
			isa = PBXVariantGroup;
			children = (
				8483C93F2391917800F2E80A /* Base */,
			);
			name = Main.storyboard;
			sourceTree = "<group>";
		};
		8483C9432391917900F2E80A /* LaunchScreen.storyboard */ = {
			isa = PBXVariantGroup;
			children = (
				8483C9442391917900F2E80A /* Base */,
			);
			name = LaunchScreen.storyboard;
			sourceTree = "<group>";
		};
/* End PBXVariantGroup section */

/* Begin XCBuildConfiguration section */
		8483C95D2391917900F2E80A /* Debug */ = {
			isa = XCBuildConfiguration;
			buildSettings = {
				ALWAYS_SEARCH_USER_PATHS = NO;
				API_BASE_URL = "https://newsapi.org/v2/";
				API_SECRET_KEY = fa8d678d5efd4c9b822bfa3c690fa731;
				CLANG_ANALYZER_NONNULL = YES;
				CLANG_ANALYZER_NUMBER_OBJECT_CONVERSION = YES_AGGRESSIVE;
				CLANG_CXX_LANGUAGE_STANDARD = "gnu++14";
				CLANG_CXX_LIBRARY = "libc++";
				CLANG_ENABLE_MODULES = YES;
				CLANG_ENABLE_OBJC_ARC = YES;
				CLANG_ENABLE_OBJC_WEAK = YES;
				CLANG_WARN_BLOCK_CAPTURE_AUTORELEASING = YES;
				CLANG_WARN_BOOL_CONVERSION = YES;
				CLANG_WARN_COMMA = YES;
				CLANG_WARN_CONSTANT_CONVERSION = YES;
				CLANG_WARN_DEPRECATED_OBJC_IMPLEMENTATIONS = YES;
				CLANG_WARN_DIRECT_OBJC_ISA_USAGE = YES_ERROR;
				CLANG_WARN_DOCUMENTATION_COMMENTS = YES;
				CLANG_WARN_EMPTY_BODY = YES;
				CLANG_WARN_ENUM_CONVERSION = YES;
				CLANG_WARN_INFINITE_RECURSION = YES;
				CLANG_WARN_INT_CONVERSION = YES;
				CLANG_WARN_NON_LITERAL_NULL_CONVERSION = YES;
				CLANG_WARN_OBJC_IMPLICIT_RETAIN_SELF = YES;
				CLANG_WARN_OBJC_LITERAL_CONVERSION = YES;
				CLANG_WARN_OBJC_ROOT_CLASS = YES_ERROR;
				CLANG_WARN_RANGE_LOOP_ANALYSIS = YES;
				CLANG_WARN_STRICT_PROTOTYPES = YES;
				CLANG_WARN_SUSPICIOUS_MOVE = YES;
				CLANG_WARN_UNGUARDED_AVAILABILITY = YES_AGGRESSIVE;
				CLANG_WARN_UNREACHABLE_CODE = YES;
				CLANG_WARN__DUPLICATE_METHOD_MATCH = YES;
				COPY_PHASE_STRIP = NO;
				DEBUG_INFORMATION_FORMAT = dwarf;
				ENABLE_STRICT_OBJC_MSGSEND = YES;
				ENABLE_TESTABILITY = YES;
				GCC_C_LANGUAGE_STANDARD = gnu11;
				GCC_DYNAMIC_NO_PIC = NO;
				GCC_NO_COMMON_BLOCKS = YES;
				GCC_OPTIMIZATION_LEVEL = 0;
				GCC_PREPROCESSOR_DEFINITIONS = (
					"DEBUG=1",
					"$(inherited)",
				);
				GCC_WARN_64_TO_32_BIT_CONVERSION = YES;
				GCC_WARN_ABOUT_RETURN_TYPE = YES_ERROR;
				GCC_WARN_UNDECLARED_SELECTOR = YES;
				GCC_WARN_UNINITIALIZED_AUTOS = YES_AGGRESSIVE;
				GCC_WARN_UNUSED_FUNCTION = YES;
				GCC_WARN_UNUSED_VARIABLE = YES;
				IPHONEOS_DEPLOYMENT_TARGET = 13.2;
				MTL_ENABLE_DEBUG_INFO = INCLUDE_SOURCE;
				MTL_FAST_MATH = YES;
				ONLY_ACTIVE_ARCH = YES;
				SDKROOT = iphoneos;
				SWIFT_ACTIVE_COMPILATION_CONDITIONS = DEBUG;
				SWIFT_OPTIMIZATION_LEVEL = "-Onone";
			};
			name = Debug;
		};
		8483C95E2391917900F2E80A /* Release */ = {
			isa = XCBuildConfiguration;
			buildSettings = {
				ALWAYS_SEARCH_USER_PATHS = NO;
				API_BASE_URL = "https://newsapi.org/v2/";
				API_SECRET_KEY = fa8d678d5efd4c9b822bfa3c690fa731;
				CLANG_ANALYZER_NONNULL = YES;
				CLANG_ANALYZER_NUMBER_OBJECT_CONVERSION = YES_AGGRESSIVE;
				CLANG_CXX_LANGUAGE_STANDARD = "gnu++14";
				CLANG_CXX_LIBRARY = "libc++";
				CLANG_ENABLE_MODULES = YES;
				CLANG_ENABLE_OBJC_ARC = YES;
				CLANG_ENABLE_OBJC_WEAK = YES;
				CLANG_WARN_BLOCK_CAPTURE_AUTORELEASING = YES;
				CLANG_WARN_BOOL_CONVERSION = YES;
				CLANG_WARN_COMMA = YES;
				CLANG_WARN_CONSTANT_CONVERSION = YES;
				CLANG_WARN_DEPRECATED_OBJC_IMPLEMENTATIONS = YES;
				CLANG_WARN_DIRECT_OBJC_ISA_USAGE = YES_ERROR;
				CLANG_WARN_DOCUMENTATION_COMMENTS = YES;
				CLANG_WARN_EMPTY_BODY = YES;
				CLANG_WARN_ENUM_CONVERSION = YES;
				CLANG_WARN_INFINITE_RECURSION = YES;
				CLANG_WARN_INT_CONVERSION = YES;
				CLANG_WARN_NON_LITERAL_NULL_CONVERSION = YES;
				CLANG_WARN_OBJC_IMPLICIT_RETAIN_SELF = YES;
				CLANG_WARN_OBJC_LITERAL_CONVERSION = YES;
				CLANG_WARN_OBJC_ROOT_CLASS = YES_ERROR;
				CLANG_WARN_RANGE_LOOP_ANALYSIS = YES;
				CLANG_WARN_STRICT_PROTOTYPES = YES;
				CLANG_WARN_SUSPICIOUS_MOVE = YES;
				CLANG_WARN_UNGUARDED_AVAILABILITY = YES_AGGRESSIVE;
				CLANG_WARN_UNREACHABLE_CODE = YES;
				CLANG_WARN__DUPLICATE_METHOD_MATCH = YES;
				COPY_PHASE_STRIP = NO;
				DEBUG_INFORMATION_FORMAT = "dwarf-with-dsym";
				ENABLE_NS_ASSERTIONS = NO;
				ENABLE_STRICT_OBJC_MSGSEND = YES;
				GCC_C_LANGUAGE_STANDARD = gnu11;
				GCC_NO_COMMON_BLOCKS = YES;
				GCC_WARN_64_TO_32_BIT_CONVERSION = YES;
				GCC_WARN_ABOUT_RETURN_TYPE = YES_ERROR;
				GCC_WARN_UNDECLARED_SELECTOR = YES;
				GCC_WARN_UNINITIALIZED_AUTOS = YES_AGGRESSIVE;
				GCC_WARN_UNUSED_FUNCTION = YES;
				GCC_WARN_UNUSED_VARIABLE = YES;
				IPHONEOS_DEPLOYMENT_TARGET = 13.2;
				MTL_ENABLE_DEBUG_INFO = NO;
				MTL_FAST_MATH = YES;
				SDKROOT = iphoneos;
				SWIFT_COMPILATION_MODE = wholemodule;
				SWIFT_OPTIMIZATION_LEVEL = "-O";
				VALIDATE_PRODUCT = YES;
			};
			name = Release;
		};
		8483C9602391917900F2E80A /* Debug */ = {
			isa = XCBuildConfiguration;
			baseConfigurationReference = 4A6A0A5DF152E78E3E8ECDC7 /* Pods-News Client.debug.xcconfig */;
			buildSettings = {
				API_SECRET_KEY = 7688e799dc124e7e84e4513378492ff4;
				ASSETCATALOG_COMPILER_APPICON_NAME = AppIcon;
				CODE_SIGN_STYLE = Automatic;
				DEVELOPMENT_TEAM = GVUH4TQN58;
				INFOPLIST_FILE = "News Client/Info.plist";
				LD_RUNPATH_SEARCH_PATHS = (
					"$(inherited)",
					"@executable_path/Frameworks",
				);
				PRODUCT_BUNDLE_IDENTIFIER = "com.kasper.personal.News-Client";
				PRODUCT_NAME = "$(TARGET_NAME)";
				SWIFT_VERSION = 5.0;
				TARGETED_DEVICE_FAMILY = "1,2";
			};
			name = Debug;
		};
		8483C9612391917900F2E80A /* Release */ = {
			isa = XCBuildConfiguration;
			baseConfigurationReference = 8AF79E21FEB1B99329FA5ACE /* Pods-News Client.release.xcconfig */;
			buildSettings = {
				API_SECRET_KEY = 7688e799dc124e7e84e4513378492ff4;
				ASSETCATALOG_COMPILER_APPICON_NAME = AppIcon;
				CODE_SIGN_STYLE = Automatic;
				DEVELOPMENT_TEAM = GVUH4TQN58;
				INFOPLIST_FILE = "News Client/Info.plist";
				LD_RUNPATH_SEARCH_PATHS = (
					"$(inherited)",
					"@executable_path/Frameworks",
				);
				PRODUCT_BUNDLE_IDENTIFIER = "com.kasper.personal.News-Client";
				PRODUCT_NAME = "$(TARGET_NAME)";
				SWIFT_VERSION = 5.0;
				TARGETED_DEVICE_FAMILY = "1,2";
			};
			name = Release;
		};
		8483C9632391917900F2E80A /* Debug */ = {
			isa = XCBuildConfiguration;
			baseConfigurationReference = 6E072099B16E0119EC161C8B /* Pods-News ClientTests.debug.xcconfig */;
			buildSettings = {
				ALWAYS_EMBED_SWIFT_STANDARD_LIBRARIES = YES;
				BUNDLE_LOADER = "$(TEST_HOST)";
				CODE_SIGN_STYLE = Automatic;
				DEVELOPMENT_TEAM = GVUH4TQN58;
				INFOPLIST_FILE = "News ClientTests/Info.plist";
				IPHONEOS_DEPLOYMENT_TARGET = 13.2;
				LD_RUNPATH_SEARCH_PATHS = (
					"$(inherited)",
					"@executable_path/Frameworks",
					"@loader_path/Frameworks",
				);
				PRODUCT_BUNDLE_IDENTIFIER = "com.kasper.personal.News-ClientTests";
				PRODUCT_NAME = "$(TARGET_NAME)";
				SWIFT_VERSION = 5.0;
				TARGETED_DEVICE_FAMILY = "1,2";
				TEST_HOST = "$(BUILT_PRODUCTS_DIR)/News Client.app/News Client";
			};
			name = Debug;
		};
		8483C9642391917900F2E80A /* Release */ = {
			isa = XCBuildConfiguration;
			baseConfigurationReference = 23FFB46CF45888E0309BF3D9 /* Pods-News ClientTests.release.xcconfig */;
			buildSettings = {
				ALWAYS_EMBED_SWIFT_STANDARD_LIBRARIES = YES;
				BUNDLE_LOADER = "$(TEST_HOST)";
				CODE_SIGN_STYLE = Automatic;
				DEVELOPMENT_TEAM = GVUH4TQN58;
				INFOPLIST_FILE = "News ClientTests/Info.plist";
				IPHONEOS_DEPLOYMENT_TARGET = 13.2;
				LD_RUNPATH_SEARCH_PATHS = (
					"$(inherited)",
					"@executable_path/Frameworks",
					"@loader_path/Frameworks",
				);
				PRODUCT_BUNDLE_IDENTIFIER = "com.kasper.personal.News-ClientTests";
				PRODUCT_NAME = "$(TARGET_NAME)";
				SWIFT_VERSION = 5.0;
				TARGETED_DEVICE_FAMILY = "1,2";
				TEST_HOST = "$(BUILT_PRODUCTS_DIR)/News Client.app/News Client";
			};
			name = Release;
		};
		8483C9662391917900F2E80A /* Debug */ = {
			isa = XCBuildConfiguration;
			baseConfigurationReference = FDE826C5033A2F616B44642E /* Pods-News Client-News ClientUITests.debug.xcconfig */;
			buildSettings = {
				ALWAYS_EMBED_SWIFT_STANDARD_LIBRARIES = YES;
				CODE_SIGN_STYLE = Automatic;
				DEVELOPMENT_TEAM = GVUH4TQN58;
				INFOPLIST_FILE = "News ClientUITests/Info.plist";
				LD_RUNPATH_SEARCH_PATHS = (
					"$(inherited)",
					"@executable_path/Frameworks",
					"@loader_path/Frameworks",
				);
				PRODUCT_BUNDLE_IDENTIFIER = "com.kasper.personal.News-ClientUITests";
				PRODUCT_NAME = "$(TARGET_NAME)";
				SWIFT_VERSION = 5.0;
				TARGETED_DEVICE_FAMILY = "1,2";
				TEST_TARGET_NAME = "News Client";
			};
			name = Debug;
		};
		8483C9672391917900F2E80A /* Release */ = {
			isa = XCBuildConfiguration;
			baseConfigurationReference = BA5EC87C690E01A1E8363ED0 /* Pods-News Client-News ClientUITests.release.xcconfig */;
			buildSettings = {
				ALWAYS_EMBED_SWIFT_STANDARD_LIBRARIES = YES;
				CODE_SIGN_STYLE = Automatic;
				DEVELOPMENT_TEAM = GVUH4TQN58;
				INFOPLIST_FILE = "News ClientUITests/Info.plist";
				LD_RUNPATH_SEARCH_PATHS = (
					"$(inherited)",
					"@executable_path/Frameworks",
					"@loader_path/Frameworks",
				);
				PRODUCT_BUNDLE_IDENTIFIER = "com.kasper.personal.News-ClientUITests";
				PRODUCT_NAME = "$(TARGET_NAME)";
				SWIFT_VERSION = 5.0;
				TARGETED_DEVICE_FAMILY = "1,2";
				TEST_TARGET_NAME = "News Client";
			};
			name = Release;
		};
/* End XCBuildConfiguration section */

/* Begin XCConfigurationList section */
		8483C9302391917800F2E80A /* Build configuration list for PBXProject "News Client" */ = {
			isa = XCConfigurationList;
			buildConfigurations = (
				8483C95D2391917900F2E80A /* Debug */,
				8483C95E2391917900F2E80A /* Release */,
			);
			defaultConfigurationIsVisible = 0;
			defaultConfigurationName = Release;
		};
		8483C95F2391917900F2E80A /* Build configuration list for PBXNativeTarget "News Client" */ = {
			isa = XCConfigurationList;
			buildConfigurations = (
				8483C9602391917900F2E80A /* Debug */,
				8483C9612391917900F2E80A /* Release */,
			);
			defaultConfigurationIsVisible = 0;
			defaultConfigurationName = Release;
		};
		8483C9622391917900F2E80A /* Build configuration list for PBXNativeTarget "News ClientTests" */ = {
			isa = XCConfigurationList;
			buildConfigurations = (
				8483C9632391917900F2E80A /* Debug */,
				8483C9642391917900F2E80A /* Release */,
			);
			defaultConfigurationIsVisible = 0;
			defaultConfigurationName = Release;
		};
		8483C9652391917900F2E80A /* Build configuration list for PBXNativeTarget "News ClientUITests" */ = {
			isa = XCConfigurationList;
			buildConfigurations = (
				8483C9662391917900F2E80A /* Debug */,
				8483C9672391917900F2E80A /* Release */,
			);
			defaultConfigurationIsVisible = 0;
			defaultConfigurationName = Release;
		};
/* End XCConfigurationList section */
	};
	rootObject = 8483C92D2391917800F2E80A /* Project object */;
}
